// !$*UTF8*$!
{
	archiveVersion = 1;
	classes = {
	};
	objectVersion = 50;
	objects = {

/* Begin PBXBuildFile section */
		4C71384224B23FAF001BAE90 /* AppDelegate.swift in Sources */ = {isa = PBXBuildFile; fileRef = 4C71384124B23FAF001BAE90 /* AppDelegate.swift */; };
		4C71384424B23FAF001BAE90 /* SceneDelegate.swift in Sources */ = {isa = PBXBuildFile; fileRef = 4C71384324B23FAF001BAE90 /* SceneDelegate.swift */; };
		4C71384624B23FAF001BAE90 /* ViewController.swift in Sources */ = {isa = PBXBuildFile; fileRef = 4C71384524B23FAF001BAE90 /* ViewController.swift */; };
		4C71384924B23FAF001BAE90 /* Main.storyboard in Resources */ = {isa = PBXBuildFile; fileRef = 4C71384724B23FAF001BAE90 /* Main.storyboard */; };
		4C71384B24B23FB1001BAE90 /* Assets.xcassets in Resources */ = {isa = PBXBuildFile; fileRef = 4C71384A24B23FB1001BAE90 /* Assets.xcassets */; };
		4C71384E24B23FB1001BAE90 /* LaunchScreen.storyboard in Resources */ = {isa = PBXBuildFile; fileRef = 4C71384C24B23FB1001BAE90 /* LaunchScreen.storyboard */; };
		4C71385924B23FB1001BAE90 /* RxExampleTests.swift in Sources */ = {isa = PBXBuildFile; fileRef = 4C71385824B23FB1001BAE90 /* RxExampleTests.swift */; };
/* End PBXBuildFile section */

/* Begin PBXContainerItemProxy section */
		4C71385524B23FB1001BAE90 /* PBXContainerItemProxy */ = {
			isa = PBXContainerItemProxy;
			containerPortal = 4C71383624B23FAF001BAE90 /* Project object */;
			proxyType = 1;
			remoteGlobalIDString = 4C71383D24B23FAF001BAE90;
			remoteInfo = RxExample;
		};
/* End PBXContainerItemProxy section */

/* Begin PBXFileReference section */
		4C71383E24B23FAF001BAE90 /* RxExample.app */ = {isa = PBXFileReference; explicitFileType = wrapper.application; includeInIndex = 0; path = RxExample.app; sourceTree = BUILT_PRODUCTS_DIR; };
		4C71384124B23FAF001BAE90 /* AppDelegate.swift */ = {isa = PBXFileReference; lastKnownFileType = sourcecode.swift; path = AppDelegate.swift; sourceTree = "<group>"; };
		4C71384324B23FAF001BAE90 /* SceneDelegate.swift */ = {isa = PBXFileReference; lastKnownFileType = sourcecode.swift; path = SceneDelegate.swift; sourceTree = "<group>"; };
		4C71384524B23FAF001BAE90 /* ViewController.swift */ = {isa = PBXFileReference; lastKnownFileType = sourcecode.swift; path = ViewController.swift; sourceTree = "<group>"; };
		4C71384824B23FAF001BAE90 /* Base */ = {isa = PBXFileReference; lastKnownFileType = file.storyboard; name = Base; path = Base.lproj/Main.storyboard; sourceTree = "<group>"; };
		4C71384A24B23FB1001BAE90 /* Assets.xcassets */ = {isa = PBXFileReference; lastKnownFileType = folder.assetcatalog; path = Assets.xcassets; sourceTree = "<group>"; };
		4C71384D24B23FB1001BAE90 /* Base */ = {isa = PBXFileReference; lastKnownFileType = file.storyboard; name = Base; path = Base.lproj/LaunchScreen.storyboard; sourceTree = "<group>"; };
		4C71384F24B23FB1001BAE90 /* Info.plist */ = {isa = PBXFileReference; lastKnownFileType = text.plist.xml; path = Info.plist; sourceTree = "<group>"; };
		4C71385424B23FB1001BAE90 /* RxExampleTests.xctest */ = {isa = PBXFileReference; explicitFileType = wrapper.cfbundle; includeInIndex = 0; path = RxExampleTests.xctest; sourceTree = BUILT_PRODUCTS_DIR; };
		4C71385824B23FB1001BAE90 /* RxExampleTests.swift */ = {isa = PBXFileReference; lastKnownFileType = sourcecode.swift; path = RxExampleTests.swift; sourceTree = "<group>"; };
		4C71385A24B23FB1001BAE90 /* Info.plist */ = {isa = PBXFileReference; lastKnownFileType = text.plist.xml; path = Info.plist; sourceTree = "<group>"; };
/* End PBXFileReference section */

/* Begin PBXFrameworksBuildPhase section */
		4C71383B24B23FAF001BAE90 /* Frameworks */ = {
			isa = PBXFrameworksBuildPhase;
			buildActionMask = 2147483647;
			files = (
			);
			runOnlyForDeploymentPostprocessing = 0;
		};
		4C71385124B23FB1001BAE90 /* Frameworks */ = {
			isa = PBXFrameworksBuildPhase;
			buildActionMask = 2147483647;
			files = (
			);
			runOnlyForDeploymentPostprocessing = 0;
		};
/* End PBXFrameworksBuildPhase section */

/* Begin PBXGroup section */
		4C71383524B23FAF001BAE90 = {
			isa = PBXGroup;
			children = (
				4C71384024B23FAF001BAE90 /* RxExample */,
				4C71385724B23FB1001BAE90 /* RxExampleTests */,
				4C71383F24B23FAF001BAE90 /* Products */,
			);
			sourceTree = "<group>";
		};
		4C71383F24B23FAF001BAE90 /* Products */ = {
			isa = PBXGroup;
			children = (
				4C71383E24B23FAF001BAE90 /* RxExample.app */,
				4C71385424B23FB1001BAE90 /* RxExampleTests.xctest */,
			);
			name = Products;
			sourceTree = "<group>";
		};
		4C71384024B23FAF001BAE90 /* RxExample */ = {
			isa = PBXGroup;
			children = (
				4C71384124B23FAF001BAE90 /* AppDelegate.swift */,
				4C71384324B23FAF001BAE90 /* SceneDelegate.swift */,
				4C71384524B23FAF001BAE90 /* ViewController.swift */,
				4C71384724B23FAF001BAE90 /* Main.storyboard */,
				4C71384A24B23FB1001BAE90 /* Assets.xcassets */,
				4C71384C24B23FB1001BAE90 /* LaunchScreen.storyboard */,
				4C71384F24B23FB1001BAE90 /* Info.plist */,
			);
			path = RxExample;
			sourceTree = "<group>";
		};
		4C71385724B23FB1001BAE90 /* RxExampleTests */ = {
			isa = PBXGroup;
			children = (
				4C71385824B23FB1001BAE90 /* RxExampleTests.swift */,
				4C71385A24B23FB1001BAE90 /* Info.plist */,
			);
			path = RxExampleTests;
			sourceTree = "<group>";
		};
/* End PBXGroup section */

/* Begin PBXNativeTarget section */
		4C71383D24B23FAF001BAE90 /* RxExample */ = {
			isa = PBXNativeTarget;
			buildConfigurationList = 4C71385D24B23FB1001BAE90 /* Build configuration list for PBXNativeTarget "RxExample" */;
			buildPhases = (
				4C71383A24B23FAF001BAE90 /* Sources */,
				4C71383B24B23FAF001BAE90 /* Frameworks */,
				4C71383C24B23FAF001BAE90 /* Resources */,
			);
			buildRules = (
			);
			dependencies = (
			);
			name = RxExample;
			productName = RxExample;
			productReference = 4C71383E24B23FAF001BAE90 /* RxExample.app */;
			productType = "com.apple.product-type.application";
		};
		4C71385324B23FB1001BAE90 /* RxExampleTests */ = {
			isa = PBXNativeTarget;
			buildConfigurationList = 4C71386024B23FB1001BAE90 /* Build configuration list for PBXNativeTarget "RxExampleTests" */;
			buildPhases = (
				4C71385024B23FB1001BAE90 /* Sources */,
				4C71385124B23FB1001BAE90 /* Frameworks */,
				4C71385224B23FB1001BAE90 /* Resources */,
			);
			buildRules = (
			);
			dependencies = (
				4C71385624B23FB1001BAE90 /* PBXTargetDependency */,
			);
			name = RxExampleTests;
			productName = RxExampleTests;
			productReference = 4C71385424B23FB1001BAE90 /* RxExampleTests.xctest */;
			productType = "com.apple.product-type.bundle.unit-test";
		};
/* End PBXNativeTarget section */

/* Begin PBXProject section */
		4C71383624B23FAF001BAE90 /* Project object */ = {
			isa = PBXProject;
			attributes = {
				LastSwiftUpdateCheck = 1120;
				LastUpgradeCheck = 1120;
				ORGANIZATIONNAME = "OLAJUWON BALOGUN";
				TargetAttributes = {
					4C71383D24B23FAF001BAE90 = {
						CreatedOnToolsVersion = 11.2.1;
					};
					4C71385324B23FB1001BAE90 = {
						CreatedOnToolsVersion = 11.2.1;
						TestTargetID = 4C71383D24B23FAF001BAE90;
					};
				};
			};
			buildConfigurationList = 4C71383924B23FAF001BAE90 /* Build configuration list for PBXProject "RxExample" */;
			compatibilityVersion = "Xcode 9.3";
			developmentRegion = en;
			hasScannedForEncodings = 0;
			knownRegions = (
				en,
				Base,
			);
			mainGroup = 4C71383524B23FAF001BAE90;
			productRefGroup = 4C71383F24B23FAF001BAE90 /* Products */;
			projectDirPath = "";
			projectRoot = "";
			targets = (
				4C71383D24B23FAF001BAE90 /* RxExample */,
				4C71385324B23FB1001BAE90 /* RxExampleTests */,
			);
		};
/* End PBXProject section */

/* Begin PBXResourcesBuildPhase section */
		4C71383C24B23FAF001BAE90 /* Resources */ = {
			isa = PBXResourcesBuildPhase;
			buildActionMask = 2147483647;
			files = (
				4C71384E24B23FB1001BAE90 /* LaunchScreen.storyboard in Resources */,
				4C71384B24B23FB1001BAE90 /* Assets.xcassets in Resources */,
				4C71384924B23FAF001BAE90 /* Main.storyboard in Resources */,
			);
			runOnlyForDeploymentPostprocessing = 0;
		};
		4C71385224B23FB1001BAE90 /* Resources */ = {
			isa = PBXResourcesBuildPhase;
			buildActionMask = 2147483647;
			files = (
			);
			runOnlyForDeploymentPostprocessing = 0;
		};
/* End PBXResourcesBuildPhase section */

/* Begin PBXSourcesBuildPhase section */
		4C71383A24B23FAF001BAE90 /* Sources */ = {
			isa = PBXSourcesBuildPhase;
			buildActionMask = 2147483647;
			files = (
				4C71384624B23FAF001BAE90 /* ViewController.swift in Sources */,
				4C71384224B23FAF001BAE90 /* AppDelegate.swift in Sources */,
				4C71384424B23FAF001BAE90 /* SceneDelegate.swift in Sources */,
			);
			runOnlyForDeploymentPostprocessing = 0;
		};
		4C71385024B23FB1001BAE90 /* Sources */ = {
			isa = PBXSourcesBuildPhase;
			buildActionMask = 2147483647;
			files = (
				4C71385924B23FB1001BAE90 /* RxExampleTests.swift in Sources */,
			);
			runOnlyForDeploymentPostprocessing = 0;
		};
/* End PBXSourcesBuildPhase section */

/* Begin PBXTargetDependency section */
		4C71385624B23FB1001BAE90 /* PBXTargetDependency */ = {
			isa = PBXTargetDependency;
			target = 4C71383D24B23FAF001BAE90 /* RxExample */;
			targetProxy = 4C71385524B23FB1001BAE90 /* PBXContainerItemProxy */;
		};
/* End PBXTargetDependency section */

/* Begin PBXVariantGroup section */
		4C71384724B23FAF001BAE90 /* Main.storyboard */ = {
			isa = PBXVariantGroup;
			children = (
				4C71384824B23FAF001BAE90 /* Base */,
			);
			name = Main.storyboard;
			sourceTree = "<group>";
		};
		4C71384C24B23FB1001BAE90 /* LaunchScreen.storyboard */ = {
			isa = PBXVariantGroup;
			children = (
				4C71384D24B23FB1001BAE90 /* Base */,
			);
			name = LaunchScreen.storyboard;
			sourceTree = "<group>";
		};
/* End PBXVariantGroup section */

/* Begin XCBuildConfiguration section */
		4C71385B24B23FB1001BAE90 /* Debug */ = {
			isa = XCBuildConfiguration;
			buildSettings = {
				ALWAYS_SEARCH_USER_PATHS = NO;
				CLANG_ANALYZER_NONNULL = YES;
				CLANG_ANALYZER_NUMBER_OBJECT_CONVERSION = YES_AGGRESSIVE;
				CLANG_CXX_LANGUAGE_STANDARD = "gnu++14";
				CLANG_CXX_LIBRARY = "libc++";
				CLANG_ENABLE_MODULES = YES;
				CLANG_ENABLE_OBJC_ARC = YES;
				CLANG_ENABLE_OBJC_WEAK = YES;
				CLANG_WARN_BLOCK_CAPTURE_AUTORELEASING = YES;
				CLANG_WARN_BOOL_CONVERSION = YES;
				CLANG_WARN_COMMA = YES;
				CLANG_WARN_CONSTANT_CONVERSION = YES;
				CLANG_WARN_DEPRECATED_OBJC_IMPLEMENTATIONS = YES;
				CLANG_WARN_DIRECT_OBJC_ISA_USAGE = YES_ERROR;
				CLANG_WARN_DOCUMENTATION_COMMENTS = YES;
				CLANG_WARN_EMPTY_BODY = YES;
				CLANG_WARN_ENUM_CONVERSION = YES;
				CLANG_WARN_INFINITE_RECURSION = YES;
				CLANG_WARN_INT_CONVERSION = YES;
				CLANG_WARN_NON_LITERAL_NULL_CONVERSION = YES;
				CLANG_WARN_OBJC_IMPLICIT_RETAIN_SELF = YES;
				CLANG_WARN_OBJC_LITERAL_CONVERSION = YES;
				CLANG_WARN_OBJC_ROOT_CLASS = YES_ERROR;
				CLANG_WARN_RANGE_LOOP_ANALYSIS = YES;
				CLANG_WARN_STRICT_PROTOTYPES = YES;
				CLANG_WARN_SUSPICIOUS_MOVE = YES;
				CLANG_WARN_UNGUARDED_AVAILABILITY = YES_AGGRESSIVE;
				CLANG_WARN_UNREACHABLE_CODE = YES;
				CLANG_WARN__DUPLICATE_METHOD_MATCH = YES;
				COPY_PHASE_STRIP = NO;
				DEBUG_INFORMATION_FORMAT = dwarf;
				ENABLE_STRICT_OBJC_MSGSEND = YES;
				ENABLE_TESTABILITY = YES;
				GCC_C_LANGUAGE_STANDARD = gnu11;
				GCC_DYNAMIC_NO_PIC = NO;
				GCC_NO_COMMON_BLOCKS = YES;
				GCC_OPTIMIZATION_LEVEL = 0;
				GCC_PREPROCESSOR_DEFINITIONS = (
					"DEBUG=1",
					"$(inherited)",
				);
				GCC_WARN_64_TO_32_BIT_CONVERSION = YES;
				GCC_WARN_ABOUT_RETURN_TYPE = YES_ERROR;
				GCC_WARN_UNDECLARED_SELECTOR = YES;
				GCC_WARN_UNINITIALIZED_AUTOS = YES_AGGRESSIVE;
				GCC_WARN_UNUSED_FUNCTION = YES;
				GCC_WARN_UNUSED_VARIABLE = YES;
				IPHONEOS_DEPLOYMENT_TARGET = 13.2;
				MTL_ENABLE_DEBUG_INFO = INCLUDE_SOURCE;
				MTL_FAST_MATH = YES;
				ONLY_ACTIVE_ARCH = YES;
				SDKROOT = iphoneos;
				SWIFT_ACTIVE_COMPILATION_CONDITIONS = DEBUG;
				SWIFT_OPTIMIZATION_LEVEL = "-Onone";
			};
			name = Debug;
		};
		4C71385C24B23FB1001BAE90 /* Release */ = {
			isa = XCBuildConfiguration;
			buildSettings = {
				ALWAYS_SEARCH_USER_PATHS = NO;
				CLANG_ANALYZER_NONNULL = YES;
				CLANG_ANALYZER_NUMBER_OBJECT_CONVERSION = YES_AGGRESSIVE;
				CLANG_CXX_LANGUAGE_STANDARD = "gnu++14";
				CLANG_CXX_LIBRARY = "libc++";
				CLANG_ENABLE_MODULES = YES;
				CLANG_ENABLE_OBJC_ARC = YES;
				CLANG_ENABLE_OBJC_WEAK = YES;
				CLANG_WARN_BLOCK_CAPTURE_AUTORELEASING = YES;
				CLANG_WARN_BOOL_CONVERSION = YES;
				CLANG_WARN_COMMA = YES;
				CLANG_WARN_CONSTANT_CONVERSION = YES;
				CLANG_WARN_DEPRECATED_OBJC_IMPLEMENTATIONS = YES;
				CLANG_WARN_DIRECT_OBJC_ISA_USAGE = YES_ERROR;
				CLANG_WARN_DOCUMENTATION_COMMENTS = YES;
				CLANG_WARN_EMPTY_BODY = YES;
				CLANG_WARN_ENUM_CONVERSION = YES;
				CLANG_WARN_INFINITE_RECURSION = YES;
				CLANG_WARN_INT_CONVERSION = YES;
				CLANG_WARN_NON_LITERAL_NULL_CONVERSION = YES;
				CLANG_WARN_OBJC_IMPLICIT_RETAIN_SELF = YES;
				CLANG_WARN_OBJC_LITERAL_CONVERSION = YES;
				CLANG_WARN_OBJC_ROOT_CLASS = YES_ERROR;
				CLANG_WARN_RANGE_LOOP_ANALYSIS = YES;
				CLANG_WARN_STRICT_PROTOTYPES = YES;
				CLANG_WARN_SUSPICIOUS_MOVE = YES;
				CLANG_WARN_UNGUARDED_AVAILABILITY = YES_AGGRESSIVE;
				CLANG_WARN_UNREACHABLE_CODE = YES;
				CLANG_WARN__DUPLICATE_METHOD_MATCH = YES;
				COPY_PHASE_STRIP = NO;
				DEBUG_INFORMATION_FORMAT = "dwarf-with-dsym";
				ENABLE_NS_ASSERTIONS = NO;
				ENABLE_STRICT_OBJC_MSGSEND = YES;
				GCC_C_LANGUAGE_STANDARD = gnu11;
				GCC_NO_COMMON_BLOCKS = YES;
				GCC_WARN_64_TO_32_BIT_CONVERSION = YES;
				GCC_WARN_ABOUT_RETURN_TYPE = YES_ERROR;
				GCC_WARN_UNDECLARED_SELECTOR = YES;
				GCC_WARN_UNINITIALIZED_AUTOS = YES_AGGRESSIVE;
				GCC_WARN_UNUSED_FUNCTION = YES;
				GCC_WARN_UNUSED_VARIABLE = YES;
				IPHONEOS_DEPLOYMENT_TARGET = 13.2;
				MTL_ENABLE_DEBUG_INFO = NO;
				MTL_FAST_MATH = YES;
				SDKROOT = iphoneos;
				SWIFT_COMPILATION_MODE = wholemodule;
				SWIFT_OPTIMIZATION_LEVEL = "-O";
				VALIDATE_PRODUCT = YES;
			};
			name = Release;
		};
		4C71385E24B23FB1001BAE90 /* Debug */ = {
			isa = XCBuildConfiguration;
			buildSettings = {
				ASSETCATALOG_COMPILER_APPICON_NAME = AppIcon;
				CODE_SIGN_STYLE = Automatic;
				DEVELOPMENT_TEAM = 2DJALPZ89F;
				INFOPLIST_FILE = RxExample/Info.plist;
				LD_RUNPATH_SEARCH_PATHS = (
					"$(inherited)",
					"@executable_path/Frameworks",
				);
				PRODUCT_BUNDLE_IDENTIFIER = com.olajuwon.RxExample;
				PRODUCT_NAME = "$(TARGET_NAME)";
				SWIFT_VERSION = 5.0;
				TARGETED_DEVICE_FAMILY = "1,2";
			};
			name = Debug;
		};
		4C71385F24B23FB1001BAE90 /* Release */ = {
			isa = XCBuildConfiguration;
			buildSettings = {
				ASSETCATALOG_COMPILER_APPICON_NAME = AppIcon;
				CODE_SIGN_STYLE = Automatic;
				DEVELOPMENT_TEAM = 2DJALPZ89F;
				INFOPLIST_FILE = RxExample/Info.plist;
				LD_RUNPATH_SEARCH_PATHS = (
					"$(inherited)",
					"@executable_path/Frameworks",
				);
				PRODUCT_BUNDLE_IDENTIFIER = com.olajuwon.RxExample;
				PRODUCT_NAME = "$(TARGET_NAME)";
				SWIFT_VERSION = 5.0;
				TARGETED_DEVICE_FAMILY = "1,2";
			};
			name = Release;
		};
		4C71386124B23FB1001BAE90 /* Debug */ = {
			isa = XCBuildConfiguration;
			buildSettings = {
				ALWAYS_EMBED_SWIFT_STANDARD_LIBRARIES = YES;
				BUNDLE_LOADER = "$(TEST_HOST)";
				CODE_SIGN_STYLE = Automatic;
				DEVELOPMENT_TEAM = 2DJALPZ89F;
				INFOPLIST_FILE = RxExampleTests/Info.plist;
				IPHONEOS_DEPLOYMENT_TARGET = 13.2;
				LD_RUNPATH_SEARCH_PATHS = (
					"$(inherited)",
					"@executable_path/Frameworks",
					"@loader_path/Frameworks",
				);
				PRODUCT_BUNDLE_IDENTIFIER = com.olajuwon.RxExampleTests;
				PRODUCT_NAME = "$(TARGET_NAME)";
				SWIFT_VERSION = 5.0;
				TARGETED_DEVICE_FAMILY = "1,2";
				TEST_HOST = "$(BUILT_PRODUCTS_DIR)/RxExample.app/RxExample";
			};
			name = Debug;
		};
		4C71386224B23FB1001BAE90 /* Release */ = {
			isa = XCBuildConfiguration;
			buildSettings = {
				ALWAYS_EMBED_SWIFT_STANDARD_LIBRARIES = YES;
				BUNDLE_LOADER = "$(TEST_HOST)";
				CODE_SIGN_STYLE = Automatic;
				DEVELOPMENT_TEAM = 2DJALPZ89F;
				INFOPLIST_FILE = RxExampleTests/Info.plist;
				IPHONEOS_DEPLOYMENT_TARGET = 13.2;
				LD_RUNPATH_SEARCH_PATHS = (
					"$(inherited)",
					"@executable_path/Frameworks",
					"@loader_path/Frameworks",
				);
				PRODUCT_BUNDLE_IDENTIFIER = com.olajuwon.RxExampleTests;
				PRODUCT_NAME = "$(TARGET_NAME)";
				SWIFT_VERSION = 5.0;
				TARGETED_DEVICE_FAMILY = "1,2";
				TEST_HOST = "$(BUILT_PRODUCTS_DIR)/RxExample.app/RxExample";
			};
			name = Release;
		};
/* End XCBuildConfiguration section */

/* Begin XCConfigurationList section */
		4C71383924B23FAF001BAE90 /* Build configuration list for PBXProject "RxExample" */ = {
			isa = XCConfigurationList;
			buildConfigurations = (
				4C71385B24B23FB1001BAE90 /* Debug */,
				4C71385C24B23FB1001BAE90 /* Release */,
			);
			defaultConfigurationIsVisible = 0;
			defaultConfigurationName = Release;
		};
		4C71385D24B23FB1001BAE90 /* Build configuration list for PBXNativeTarget "RxExample" */ = {
			isa = XCConfigurationList;
			buildConfigurations = (
				4C71385E24B23FB1001BAE90 /* Debug */,
				4C71385F24B23FB1001BAE90 /* Release */,
			);
			defaultConfigurationIsVisible = 0;
			defaultConfigurationName = Release;
		};
		4C71386024B23FB1001BAE90 /* Build configuration list for PBXNativeTarget "RxExampleTests" */ = {
			isa = XCConfigurationList;
			buildConfigurations = (
				4C71386124B23FB1001BAE90 /* Debug */,
				4C71386224B23FB1001BAE90 /* Release */,
			);
			defaultConfigurationIsVisible = 0;
			defaultConfigurationName = Release;
		};
/* End XCConfigurationList section */
	};
	rootObject = 4C71383624B23FAF001BAE90 /* Project object */;
}
